
Microsoft Visual Studio Solution File, Format Version 12.00
# Visual Studio Version 17
VisualStudioVersion = 17.7.34031.279
MinimumVisualStudioVersion = 10.0.40219.1
Project("{FAE04EC0-301F-11D3-BF4B-00C04F79EFBC}") = "Homeworklesson7 25 09", "Homeworklesson7 25 09.csproj", "{79E55A95-9AFD-4C2B-BD3B-501D81B2411D}"
EndProject
Global
	GlobalSection(SolutionConfigurationPlatforms) = preSolution
		Debug|Any CPU = Debug|Any CPU
		Release|Any CPU = Release|Any CPU
	EndGlobalSection
	GlobalSection(ProjectConfigurationPlatforms) = postSolution
		{79E55A95-9AFD-4C2B-BD3B-501D81B2411D}.Debug|Any CPU.ActiveCfg = Debug|Any CPU
		{79E55A95-9AFD-4C2B-BD3B-501D81B2411D}.Debug|Any CPU.Build.0 = Debug|Any CPU
		{79E55A95-9AFD-4C2B-BD3B-501D81B2411D}.Release|Any CPU.ActiveCfg = Release|Any CPU
		{79E55A95-9AFD-4C2B-BD3B-501D81B2411D}.Release|Any CPU.Build.0 = Release|Any CPU
	EndGlobalSection
	GlobalSection(SolutionProperties) = preSolution
		HideSolutionNode = FALSE
	EndGlobalSection
	GlobalSection(ExtensibilityGlobals) = postSolution
		SolutionGuid = {B00953D7-E086-436F-B597-74697D93EFFC}
	EndGlobalSection
EndGlobal
